// !$*UTF8*$!
{
	archiveVersion = 1;
	classes = {
	};
	objectVersion = 51;
	objects = {

/* Begin PBXBuildFile section */
		DC39861426F42A5B0041E94D /* AppDelegate.swift in Sources */ = {isa = PBXBuildFile; fileRef = DC39861326F42A5B0041E94D /* AppDelegate.swift */; };
		DC39861626F42A5B0041E94D /* SceneDelegate.swift in Sources */ = {isa = PBXBuildFile; fileRef = DC39861526F42A5B0041E94D /* SceneDelegate.swift */; };
		DC39861826F42A5B0041E94D /* ViewController.swift in Sources */ = {isa = PBXBuildFile; fileRef = DC39861726F42A5B0041E94D /* ViewController.swift */; };
		DC39861B26F42A5B0041E94D /* Main.storyboard in Resources */ = {isa = PBXBuildFile; fileRef = DC39861926F42A5B0041E94D /* Main.storyboard */; };
		DC39861D26F42A5C0041E94D /* Assets.xcassets in Resources */ = {isa = PBXBuildFile; fileRef = DC39861C26F42A5C0041E94D /* Assets.xcassets */; };
		DC39862026F42A5C0041E94D /* LaunchScreen.storyboard in Resources */ = {isa = PBXBuildFile; fileRef = DC39861E26F42A5C0041E94D /* LaunchScreen.storyboard */; };
		DC39864426F46CA10041E94D /* APIData.swift in Sources */ = {isa = PBXBuildFile; fileRef = DC39864326F46CA10041E94D /* APIData.swift */; };
		DC39864B26F4814E0041E94D /* APITableView.swift in Sources */ = {isa = PBXBuildFile; fileRef = DC39864A26F4814E0041E94D /* APITableView.swift */; };
		DCA352E726F9C72800676A9D /* DetaiViewController.swift in Sources */ = {isa = PBXBuildFile; fileRef = DCA352E626F9C72800676A9D /* DetaiViewController.swift */; };
		DCA352EA26F9D75200676A9D /* PostViewController.swift in Sources */ = {isa = PBXBuildFile; fileRef = DCA352E926F9D75200676A9D /* PostViewController.swift */; };
		E2DEE9AB6730935000ECAB3D /* Pods_ToDoApp.framework in Frameworks */ = {isa = PBXBuildFile; fileRef = 3F34341E40A67E4E58099DFA /* Pods_ToDoApp.framework */; };
/* End PBXBuildFile section */

/* Begin PBXFileReference section */
		3F34341E40A67E4E58099DFA /* Pods_ToDoApp.framework */ = {isa = PBXFileReference; explicitFileType = wrapper.framework; includeInIndex = 0; path = Pods_ToDoApp.framework; sourceTree = BUILT_PRODUCTS_DIR; };
		DC39861026F42A5B0041E94D /* ToDoApp.app */ = {isa = PBXFileReference; explicitFileType = wrapper.application; includeInIndex = 0; path = ToDoApp.app; sourceTree = BUILT_PRODUCTS_DIR; };
		DC39861326F42A5B0041E94D /* AppDelegate.swift */ = {isa = PBXFileReference; lastKnownFileType = sourcecode.swift; path = AppDelegate.swift; sourceTree = "<group>"; };
		DC39861526F42A5B0041E94D /* SceneDelegate.swift */ = {isa = PBXFileReference; lastKnownFileType = sourcecode.swift; path = SceneDelegate.swift; sourceTree = "<group>"; };
		DC39861726F42A5B0041E94D /* ViewController.swift */ = {isa = PBXFileReference; lastKnownFileType = sourcecode.swift; path = ViewController.swift; sourceTree = "<group>"; };
		DC39861A26F42A5B0041E94D /* Base */ = {isa = PBXFileReference; lastKnownFileType = file.storyboard; name = Base; path = Base.lproj/Main.storyboard; sourceTree = "<group>"; };
		DC39861C26F42A5C0041E94D /* Assets.xcassets */ = {isa = PBXFileReference; lastKnownFileType = folder.assetcatalog; path = Assets.xcassets; sourceTree = "<group>"; };
		DC39861F26F42A5C0041E94D /* Base */ = {isa = PBXFileReference; lastKnownFileType = file.storyboard; name = Base; path = Base.lproj/LaunchScreen.storyboard; sourceTree = "<group>"; };
		DC39862126F42A5C0041E94D /* Info.plist */ = {isa = PBXFileReference; lastKnownFileType = text.plist.xml; path = Info.plist; sourceTree = "<group>"; };
		DC39864326F46CA10041E94D /* APIData.swift */ = {isa = PBXFileReference; lastKnownFileType = sourcecode.swift; path = APIData.swift; sourceTree = "<group>"; };
		DC39864A26F4814E0041E94D /* APITableView.swift */ = {isa = PBXFileReference; lastKnownFileType = sourcecode.swift; path = APITableView.swift; sourceTree = "<group>"; };
		DCA352E626F9C72800676A9D /* DetaiViewController.swift */ = {isa = PBXFileReference; lastKnownFileType = sourcecode.swift; path = DetaiViewController.swift; sourceTree = "<group>"; };
		DCA352E926F9D75200676A9D /* PostViewController.swift */ = {isa = PBXFileReference; lastKnownFileType = sourcecode.swift; path = PostViewController.swift; sourceTree = "<group>"; };
		E5681DFACDA18B2A04109F07 /* Pods-ToDoApp.release.xcconfig */ = {isa = PBXFileReference; includeInIndex = 1; lastKnownFileType = text.xcconfig; name = "Pods-ToDoApp.release.xcconfig"; path = "Target Support Files/Pods-ToDoApp/Pods-ToDoApp.release.xcconfig"; sourceTree = "<group>"; };
		EE81B1C2BEFF6CBFBA2BE927 /* Pods-ToDoApp.debug.xcconfig */ = {isa = PBXFileReference; includeInIndex = 1; lastKnownFileType = text.xcconfig; name = "Pods-ToDoApp.debug.xcconfig"; path = "Target Support Files/Pods-ToDoApp/Pods-ToDoApp.debug.xcconfig"; sourceTree = "<group>"; };
/* End PBXFileReference section */

/* Begin PBXFrameworksBuildPhase section */
		DC39860D26F42A5B0041E94D /* Frameworks */ = {
			isa = PBXFrameworksBuildPhase;
			buildActionMask = 2147483647;
			files = (
				E2DEE9AB6730935000ECAB3D /* Pods_ToDoApp.framework in Frameworks */,
			);
			runOnlyForDeploymentPostprocessing = 0;
		};
/* End PBXFrameworksBuildPhase section */

/* Begin PBXGroup section */
		1ED6A408E143069D36B118FC /* Pods */ = {
			isa = PBXGroup;
			children = (
				EE81B1C2BEFF6CBFBA2BE927 /* Pods-ToDoApp.debug.xcconfig */,
				E5681DFACDA18B2A04109F07 /* Pods-ToDoApp.release.xcconfig */,
			);
			path = Pods;
			sourceTree = "<group>";
		};
		3E646A66509BB359AB6BD316 /* Frameworks */ = {
			isa = PBXGroup;
			children = (
				3F34341E40A67E4E58099DFA /* Pods_ToDoApp.framework */,
			);
			name = Frameworks;
			sourceTree = "<group>";
		};
		DC39860726F42A5B0041E94D = {
			isa = PBXGroup;
			children = (
				DC39861226F42A5B0041E94D /* ToDoApp */,
				DC39861126F42A5B0041E94D /* Products */,
				1ED6A408E143069D36B118FC /* Pods */,
				3E646A66509BB359AB6BD316 /* Frameworks */,
			);
			sourceTree = "<group>";
		};
		DC39861126F42A5B0041E94D /* Products */ = {
			isa = PBXGroup;
			children = (
				DC39861026F42A5B0041E94D /* ToDoApp.app */,
			);
			name = Products;
			sourceTree = "<group>";
		};
		DC39861226F42A5B0041E94D /* ToDoApp */ = {
			isa = PBXGroup;
			children = (
				DC39861326F42A5B0041E94D /* AppDelegate.swift */,
				DC39861526F42A5B0041E94D /* SceneDelegate.swift */,
				DC39861726F42A5B0041E94D /* ViewController.swift */,
				DC39864A26F4814E0041E94D /* APITableView.swift */,
				DC39864326F46CA10041E94D /* APIData.swift */,
				DC39861926F42A5B0041E94D /* Main.storyboard */,
				DC39861C26F42A5C0041E94D /* Assets.xcassets */,
				DC39861E26F42A5C0041E94D /* LaunchScreen.storyboard */,
				DC39862126F42A5C0041E94D /* Info.plist */,
				DCA352E626F9C72800676A9D /* DetaiViewController.swift */,
				DCA352E926F9D75200676A9D /* PostViewController.swift */,
			);
			path = ToDoApp;
			sourceTree = "<group>";
		};
/* End PBXGroup section */

/* Begin PBXNativeTarget section */
		DC39860F26F42A5B0041E94D /* ToDoApp */ = {
			isa = PBXNativeTarget;
			buildConfigurationList = DC39862426F42A5C0041E94D /* Build configuration list for PBXNativeTarget "ToDoApp" */;
			buildPhases = (
				B60D4414DB58C95FDCE22C20 /* [CP] Check Pods Manifest.lock */,
				DC39860C26F42A5B0041E94D /* Sources */,
				DC39860D26F42A5B0041E94D /* Frameworks */,
				DC39860E26F42A5B0041E94D /* Resources */,
				14648AAE001C908420951B6A /* [CP] Embed Pods Frameworks */,
			);
			buildRules = (
			);
			dependencies = (
			);
			name = ToDoApp;
			productName = ToDoApp;
			productReference = DC39861026F42A5B0041E94D /* ToDoApp.app */;
			productType = "com.apple.product-type.application";
		};
/* End PBXNativeTarget section */

/* Begin PBXProject section */
		DC39860826F42A5B0041E94D /* Project object */ = {
			isa = PBXProject;
			attributes = {
				LastSwiftUpdateCheck = 1240;
				LastUpgradeCheck = 1240;
				TargetAttributes = {
					DC39860F26F42A5B0041E94D = {
						CreatedOnToolsVersion = 12.4;
					};
				};
			};
			buildConfigurationList = DC39860B26F42A5B0041E94D /* Build configuration list for PBXProject "ToDoApp" */;
			compatibilityVersion = "Xcode 9.3";
			developmentRegion = en;
			hasScannedForEncodings = 0;
			knownRegions = (
				en,
				Base,
			);
			mainGroup = DC39860726F42A5B0041E94D;
			productRefGroup = DC39861126F42A5B0041E94D /* Products */;
			projectDirPath = "";
			projectRoot = "";
			targets = (
				DC39860F26F42A5B0041E94D /* ToDoApp */,
			);
		};
/* End PBXProject section */

/* Begin PBXResourcesBuildPhase section */
		DC39860E26F42A5B0041E94D /* Resources */ = {
			isa = PBXResourcesBuildPhase;
			buildActionMask = 2147483647;
			files = (
				DC39862026F42A5C0041E94D /* LaunchScreen.storyboard in Resources */,
				DC39861D26F42A5C0041E94D /* Assets.xcassets in Resources */,
				DC39861B26F42A5B0041E94D /* Main.storyboard in Resources */,
			);
			runOnlyForDeploymentPostprocessing = 0;
		};
/* End PBXResourcesBuildPhase section */

/* Begin PBXShellScriptBuildPhase section */
		14648AAE001C908420951B6A /* [CP] Embed Pods Frameworks */ = {
			isa = PBXShellScriptBuildPhase;
			buildActionMask = 2147483647;
			files = (
			);
			inputFileListPaths = (
				"${PODS_ROOT}/Target Support Files/Pods-ToDoApp/Pods-ToDoApp-frameworks-${CONFIGURATION}-input-files.xcfilelist",
			);
			name = "[CP] Embed Pods Frameworks";
			outputFileListPaths = (
				"${PODS_ROOT}/Target Support Files/Pods-ToDoApp/Pods-ToDoApp-frameworks-${CONFIGURATION}-output-files.xcfilelist",
			);
			runOnlyForDeploymentPostprocessing = 0;
			shellPath = /bin/sh;
			shellScript = "\"${PODS_ROOT}/Target Support Files/Pods-ToDoApp/Pods-ToDoApp-frameworks.sh\"\n";
			showEnvVarsInLog = 0;
		};
		B60D4414DB58C95FDCE22C20 /* [CP] Check Pods Manifest.lock */ = {
			isa = PBXShellScriptBuildPhase;
			buildActionMask = 2147483647;
			files = (
			);
			inputFileListPaths = (
			);
			inputPaths = (
				"${PODS_PODFILE_DIR_PATH}/Podfile.lock",
				"${PODS_ROOT}/Manifest.lock",
			);
			name = "[CP] Check Pods Manifest.lock";
			outputFileListPaths = (
			);
			outputPaths = (
				"$(DERIVED_FILE_DIR)/Pods-ToDoApp-checkManifestLockResult.txt",
			);
			runOnlyForDeploymentPostprocessing = 0;
			shellPath = /bin/sh;
			shellScript = "diff \"${PODS_PODFILE_DIR_PATH}/Podfile.lock\" \"${PODS_ROOT}/Manifest.lock\" > /dev/null\nif [ $? != 0 ] ; then\n    # print error to STDERR\n    echo \"error: The sandbox is not in sync with the Podfile.lock. Run 'pod install' or update your CocoaPods installation.\" >&2\n    exit 1\nfi\n# This output is used by Xcode 'outputs' to avoid re-running this script phase.\necho \"SUCCESS\" > \"${SCRIPT_OUTPUT_FILE_0}\"\n";
			showEnvVarsInLog = 0;
		};
/* End PBXShellScriptBuildPhase section */

/* Begin PBXSourcesBuildPhase section */
		DC39860C26F42A5B0041E94D /* Sources */ = {
			isa = PBXSourcesBuildPhase;
			buildActionMask = 2147483647;
			files = (
				DCA352EA26F9D75200676A9D /* PostViewController.swift in Sources */,
				DC39861826F42A5B0041E94D /* ViewController.swift in Sources */,
				DCA352E726F9C72800676A9D /* DetaiViewController.swift in Sources */,
				DC39861426F42A5B0041E94D /* AppDelegate.swift in Sources */,
				DC39864B26F4814E0041E94D /* APITableView.swift in Sources */,
				DC39864426F46CA10041E94D /* APIData.swift in Sources */,
				DC39861626F42A5B0041E94D /* SceneDelegate.swift in Sources */,
			);
			runOnlyForDeploymentPostprocessing = 0;
		};
/* End PBXSourcesBuildPhase section */

/* Begin PBXVariantGroup section */
		DC39861926F42A5B0041E94D /* Main.storyboard */ = {
			isa = PBXVariantGroup;
			children = (
				DC39861A26F42A5B0041E94D /* Base */,
			);
			name = Main.storyboard;
			sourceTree = "<group>";
		};
		DC39861E26F42A5C0041E94D /* LaunchScreen.storyboard */ = {
			isa = PBXVariantGroup;
			children = (
				DC39861F26F42A5C0041E94D /* Base */,
			);
			name = LaunchScreen.storyboard;
			sourceTree = "<group>";
		};
/* End PBXVariantGroup section */

/* Begin XCBuildConfiguration section */
		DC39862226F42A5C0041E94D /* Debug */ = {
			isa = XCBuildConfiguration;
			buildSettings = {
				ALWAYS_SEARCH_USER_PATHS = NO;
				CLANG_ANALYZER_NONNULL = YES;
				CLANG_ANALYZER_NUMBER_OBJECT_CONVERSION = YES_AGGRESSIVE;
				CLANG_CXX_LANGUAGE_STANDARD = "gnu++14";
				CLANG_CXX_LIBRARY = "libc++";
				CLANG_ENABLE_MODULES = YES;
				CLANG_ENABLE_OBJC_ARC = YES;
				CLANG_ENABLE_OBJC_WEAK = YES;
				CLANG_WARN_BLOCK_CAPTURE_AUTORELEASING = YES;
				CLANG_WARN_BOOL_CONVERSION = YES;
				CLANG_WARN_COMMA = YES;
				CLANG_WARN_CONSTANT_CONVERSION = YES;
				CLANG_WARN_DEPRECATED_OBJC_IMPLEMENTATIONS = YES;
				CLANG_WARN_DIRECT_OBJC_ISA_USAGE = YES_ERROR;
				CLANG_WARN_DOCUMENTATION_COMMENTS = YES;
				CLANG_WARN_EMPTY_BODY = YES;
				CLANG_WARN_ENUM_CONVERSION = YES;
				CLANG_WARN_INFINITE_RECURSION = YES;
				CLANG_WARN_INT_CONVERSION = YES;
				CLANG_WARN_NON_LITERAL_NULL_CONVERSION = YES;
				CLANG_WARN_OBJC_IMPLICIT_RETAIN_SELF = YES;
				CLANG_WARN_OBJC_LITERAL_CONVERSION = YES;
				CLANG_WARN_OBJC_ROOT_CLASS = YES_ERROR;
				CLANG_WARN_QUOTED_INCLUDE_IN_FRAMEWORK_HEADER = YES;
				CLANG_WARN_RANGE_LOOP_ANALYSIS = YES;
				CLANG_WARN_STRICT_PROTOTYPES = YES;
				CLANG_WARN_SUSPICIOUS_MOVE = YES;
				CLANG_WARN_UNGUARDED_AVAILABILITY = YES_AGGRESSIVE;
				CLANG_WARN_UNREACHABLE_CODE = YES;
				CLANG_WARN__DUPLICATE_METHOD_MATCH = YES;
				COPY_PHASE_STRIP = NO;
				DEBUG_INFORMATION_FORMAT = dwarf;
				ENABLE_STRICT_OBJC_MSGSEND = YES;
				ENABLE_TESTABILITY = YES;
				GCC_C_LANGUAGE_STANDARD = gnu11;
				GCC_DYNAMIC_NO_PIC = NO;
				GCC_NO_COMMON_BLOCKS = YES;
				GCC_OPTIMIZATION_LEVEL = 0;
				GCC_PREPROCESSOR_DEFINITIONS = (
					"DEBUG=1",
					"$(inherited)",
				);
				GCC_WARN_64_TO_32_BIT_CONVERSION = YES;
				GCC_WARN_ABOUT_RETURN_TYPE = YES_ERROR;
				GCC_WARN_UNDECLARED_SELECTOR = YES;
				GCC_WARN_UNINITIALIZED_AUTOS = YES_AGGRESSIVE;
				GCC_WARN_UNUSED_FUNCTION = YES;
				GCC_WARN_UNUSED_VARIABLE = YES;
				IPHONEOS_DEPLOYMENT_TARGET = 14.4;
				MTL_ENABLE_DEBUG_INFO = INCLUDE_SOURCE;
				MTL_FAST_MATH = YES;
				ONLY_ACTIVE_ARCH = YES;
				SDKROOT = iphoneos;
				SWIFT_ACTIVE_COMPILATION_CONDITIONS = DEBUG;
				SWIFT_OPTIMIZATION_LEVEL = "-Onone";
			};
			name = Debug;
		};
		DC39862326F42A5C0041E94D /* Release */ = {
			isa = XCBuildConfiguration;
			buildSettings = {
				ALWAYS_SEARCH_USER_PATHS = NO;
				CLANG_ANALYZER_NONNULL = YES;
				CLANG_ANALYZER_NUMBER_OBJECT_CONVERSION = YES_AGGRESSIVE;
				CLANG_CXX_LANGUAGE_STANDARD = "gnu++14";
				CLANG_CXX_LIBRARY = "libc++";
				CLANG_ENABLE_MODULES = YES;
				CLANG_ENABLE_OBJC_ARC = YES;
				CLANG_ENABLE_OBJC_WEAK = YES;
				CLANG_WARN_BLOCK_CAPTURE_AUTORELEASING = YES;
				CLANG_WARN_BOOL_CONVERSION = YES;
				CLANG_WARN_COMMA = YES;
				CLANG_WARN_CONSTANT_CONVERSION = YES;
				CLANG_WARN_DEPRECATED_OBJC_IMPLEMENTATIONS = YES;
				CLANG_WARN_DIRECT_OBJC_ISA_USAGE = YES_ERROR;
				CLANG_WARN_DOCUMENTATION_COMMENTS = YES;
				CLANG_WARN_EMPTY_BODY = YES;
				CLANG_WARN_ENUM_CONVERSION = YES;
				CLANG_WARN_INFINITE_RECURSION = YES;
				CLANG_WARN_INT_CONVERSION = YES;
				CLANG_WARN_NON_LITERAL_NULL_CONVERSION = YES;
				CLANG_WARN_OBJC_IMPLICIT_RETAIN_SELF = YES;
				CLANG_WARN_OBJC_LITERAL_CONVERSION = YES;
				CLANG_WARN_OBJC_ROOT_CLASS = YES_ERROR;
				CLANG_WARN_QUOTED_INCLUDE_IN_FRAMEWORK_HEADER = YES;
				CLANG_WARN_RANGE_LOOP_ANALYSIS = YES;
				CLANG_WARN_STRICT_PROTOTYPES = YES;
				CLANG_WARN_SUSPICIOUS_MOVE = YES;
				CLANG_WARN_UNGUARDED_AVAILABILITY = YES_AGGRESSIVE;
				CLANG_WARN_UNREACHABLE_CODE = YES;
				CLANG_WARN__DUPLICATE_METHOD_MATCH = YES;
				COPY_PHASE_STRIP = NO;
				DEBUG_INFORMATION_FORMAT = "dwarf-with-dsym";
				ENABLE_NS_ASSERTIONS = NO;
				ENABLE_STRICT_OBJC_MSGSEND = YES;
				GCC_C_LANGUAGE_STANDARD = gnu11;
				GCC_NO_COMMON_BLOCKS = YES;
				GCC_WARN_64_TO_32_BIT_CONVERSION = YES;
				GCC_WARN_ABOUT_RETURN_TYPE = YES_ERROR;
				GCC_WARN_UNDECLARED_SELECTOR = YES;
				GCC_WARN_UNINITIALIZED_AUTOS = YES_AGGRESSIVE;
				GCC_WARN_UNUSED_FUNCTION = YES;
				GCC_WARN_UNUSED_VARIABLE = YES;
				IPHONEOS_DEPLOYMENT_TARGET = 14.4;
				MTL_ENABLE_DEBUG_INFO = NO;
				MTL_FAST_MATH = YES;
				SDKROOT = iphoneos;
				SWIFT_COMPILATION_MODE = wholemodule;
				SWIFT_OPTIMIZATION_LEVEL = "-O";
				VALIDATE_PRODUCT = YES;
			};
			name = Release;
		};
		DC39862526F42A5C0041E94D /* Debug */ = {
			isa = XCBuildConfiguration;
			baseConfigurationReference = EE81B1C2BEFF6CBFBA2BE927 /* Pods-ToDoApp.debug.xcconfig */;
			buildSettings = {
				ASSETCATALOG_COMPILER_APPICON_NAME = AppIcon;
				ASSETCATALOG_COMPILER_GLOBAL_ACCENT_COLOR_NAME = AccentColor;
				CODE_SIGN_STYLE = Automatic;
				INFOPLIST_FILE = ToDoApp/Info.plist;
				LD_RUNPATH_SEARCH_PATHS = (
					"$(inherited)",
					"@executable_path/Frameworks",
				);
				PRODUCT_BUNDLE_IDENTIFIER = com.sh.ToDoApp;
				PRODUCT_NAME = "$(TARGET_NAME)";
				SWIFT_VERSION = 5.0;
				TARGETED_DEVICE_FAMILY = "1,2";
			};
			name = Debug;
		};
		DC39862626F42A5C0041E94D /* Release */ = {
			isa = XCBuildConfiguration;
			baseConfigurationReference = E5681DFACDA18B2A04109F07 /* Pods-ToDoApp.release.xcconfig */;
			buildSettings = {
				ASSETCATALOG_COMPILER_APPICON_NAME = AppIcon;
				ASSETCATALOG_COMPILER_GLOBAL_ACCENT_COLOR_NAME = AccentColor;
				CODE_SIGN_STYLE = Automatic;
				INFOPLIST_FILE = ToDoApp/Info.plist;
				LD_RUNPATH_SEARCH_PATHS = (
					"$(inherited)",
					"@executable_path/Frameworks",
				);
				PRODUCT_BUNDLE_IDENTIFIER = com.sh.ToDoApp;
				PRODUCT_NAME = "$(TARGET_NAME)";
				SWIFT_VERSION = 5.0;
				TARGETED_DEVICE_FAMILY = "1,2";
			};
			name = Release;
		};
/* End XCBuildConfiguration section */

/* Begin XCConfigurationList section */
		DC39860B26F42A5B0041E94D /* Build configuration list for PBXProject "ToDoApp" */ = {
			isa = XCConfigurationList;
			buildConfigurations = (
				DC39862226F42A5C0041E94D /* Debug */,
				DC39862326F42A5C0041E94D /* Release */,
			);
			defaultConfigurationIsVisible = 0;
			defaultConfigurationName = Release;
		};
		DC39862426F42A5C0041E94D /* Build configuration list for PBXNativeTarget "ToDoApp" */ = {
			isa = XCConfigurationList;
			buildConfigurations = (
				DC39862526F42A5C0041E94D /* Debug */,
				DC39862626F42A5C0041E94D /* Release */,
			);
			defaultConfigurationIsVisible = 0;
			defaultConfigurationName = Release;
		};
/* End XCConfigurationList section */
	};
	rootObject = DC39860826F42A5B0041E94D /* Project object */;
}
